
Microsoft Visual Studio Solution File, Format Version 12.00
# Visual Studio Version 16
VisualStudioVersion = 16.0.31729.503
MinimumVisualStudioVersion = 10.0.40219.1
Project("{FAE04EC0-301F-11D3-BF4B-00C04F79EFBC}") = "e-advert.web", "e-advert.web.csproj", "{B2BCB709-FAFE-4FAC-9535-EB6E3E98B0A4}"
EndProject
Global
	GlobalSection(SolutionConfigurationPlatforms) = preSolution
		Debug|Any CPU = Debug|Any CPU
		Release|Any CPU = Release|Any CPU
	EndGlobalSection
	GlobalSection(ProjectConfigurationPlatforms) = postSolution
		{B2BCB709-FAFE-4FAC-9535-EB6E3E98B0A4}.Debug|Any CPU.ActiveCfg = Debug|Any CPU
		{B2BCB709-FAFE-4FAC-9535-EB6E3E98B0A4}.Debug|Any CPU.Build.0 = Debug|Any CPU
		{B2BCB709-FAFE-4FAC-9535-EB6E3E98B0A4}.Release|Any CPU.ActiveCfg = Release|Any CPU
		{B2BCB709-FAFE-4FAC-9535-EB6E3E98B0A4}.Release|Any CPU.Build.0 = Release|Any CPU
	EndGlobalSection
	GlobalSection(SolutionProperties) = preSolution
		HideSolutionNode = FALSE
	EndGlobalSection
	GlobalSection(ExtensibilityGlobals) = postSolution
		SolutionGuid = {BF0DCF5A-EECC-469C-ACDA-0778562770FD}
	EndGlobalSection
EndGlobal
